
Microsoft Visual Studio Solution File, Format Version 12.00
# Visual Studio Version 17
VisualStudioVersion = 17.11.35327.3
MinimumVisualStudioVersion = 10.0.40219.1
Project("{F184B08F-C81C-45F6-A57F-5ABD9991F28F}") = "ConsoleApp43", "ConsoleApp43.vbproj", "{1DC5AAB2-767F-40A7-867F-0A9C5443076E}"
EndProject
Global
	GlobalSection(SolutionConfigurationPlatforms) = preSolution
		Debug|Any CPU = Debug|Any CPU
		Release|Any CPU = Release|Any CPU
	EndGlobalSection
	GlobalSection(ProjectConfigurationPlatforms) = postSolution
		{1DC5AAB2-767F-40A7-867F-0A9C5443076E}.Debug|Any CPU.ActiveCfg = Debug|Any CPU
		{1DC5AAB2-767F-40A7-867F-0A9C5443076E}.Debug|Any CPU.Build.0 = Debug|Any CPU
		{1DC5AAB2-767F-40A7-867F-0A9C5443076E}.Release|Any CPU.ActiveCfg = Release|Any CPU
		{1DC5AAB2-767F-40A7-867F-0A9C5443076E}.Release|Any CPU.Build.0 = Release|Any CPU
	EndGlobalSection
	GlobalSection(SolutionProperties) = preSolution
		HideSolutionNode = FALSE
	EndGlobalSection
	GlobalSection(ExtensibilityGlobals) = postSolution
		SolutionGuid = {8DB7D2FE-4C62-4F19-BD8B-6FC8EF0F970F}
	EndGlobalSection
EndGlobal
